
Microsoft Visual Studio Solution File, Format Version 12.00
# Visual Studio Version 16
VisualStudioVersion = 16.0.30114.105
MinimumVisualStudioVersion = 10.0.40219.1
Project("{2150E333-8FDC-42A3-9474-1A3956D46DE8}") = "src", "src", "{80090AF1-5B69-4082-9C4D-9C585555CC2A}"
EndProject
Project("{F2A71F9B-5D33-465A-A702-920D77279786}") = "Diff.Match.Patch", "src\Diff.Match.Patch\Diff.Match.Patch.fsproj", "{7009125C-00E2-4440-B330-CB9DDE7FC077}"
EndProject
Project("{2150E333-8FDC-42A3-9474-1A3956D46DE8}") = "tests", "tests", "{47904E9C-4CB1-4B8A-9C53-CFD928793792}"
EndProject
Project("{F2A71F9B-5D33-465A-A702-920D77279786}") = "Diff.Match.Patch.Tests", "tests\Diff.Match.Patch.Tests\Diff.Match.Patch.Tests.fsproj", "{A7F427D8-4465-4D54-BDD4-E7558F6B911E}"
EndProject
Global
	GlobalSection(SolutionConfigurationPlatforms) = preSolution
		Debug|Any CPU = Debug|Any CPU
		Release|Any CPU = Release|Any CPU
	EndGlobalSection
	GlobalSection(SolutionProperties) = preSolution
		HideSolutionNode = FALSE
	EndGlobalSection
	GlobalSection(ProjectConfigurationPlatforms) = postSolution
		{7009125C-00E2-4440-B330-CB9DDE7FC077}.Debug|Any CPU.ActiveCfg = Debug|Any CPU
		{7009125C-00E2-4440-B330-CB9DDE7FC077}.Debug|Any CPU.Build.0 = Debug|Any CPU
		{7009125C-00E2-4440-B330-CB9DDE7FC077}.Release|Any CPU.ActiveCfg = Release|Any CPU
		{7009125C-00E2-4440-B330-CB9DDE7FC077}.Release|Any CPU.Build.0 = Release|Any CPU
		{A7F427D8-4465-4D54-BDD4-E7558F6B911E}.Debug|Any CPU.ActiveCfg = Debug|Any CPU
		{A7F427D8-4465-4D54-BDD4-E7558F6B911E}.Debug|Any CPU.Build.0 = Debug|Any CPU
		{A7F427D8-4465-4D54-BDD4-E7558F6B911E}.Release|Any CPU.ActiveCfg = Release|Any CPU
		{A7F427D8-4465-4D54-BDD4-E7558F6B911E}.Release|Any CPU.Build.0 = Release|Any CPU
	EndGlobalSection
	GlobalSection(NestedProjects) = preSolution
		{7009125C-00E2-4440-B330-CB9DDE7FC077} = {80090AF1-5B69-4082-9C4D-9C585555CC2A}
		{A7F427D8-4465-4D54-BDD4-E7558F6B911E} = {47904E9C-4CB1-4B8A-9C53-CFD928793792}
	EndGlobalSection
EndGlobal
