NUGET
  remote: http://api.nuget.org/v3/index.json
    FSharp.Core (4.0.0.1)

GROUP Build
NUGET
  remote: http://api.nuget.org/v3/index.json
    FAKE (4.27)
    FAKE.Lib (4.27)
    FAKE.Persimmon (1.0.4)
      FAKE.Lib (>= 4.1)
      Persimmon.Console (>= 1.0.2)
    Microsoft.Bcl (1.1.10) - framework: net10, net11, net20, net30, net35, net40, net40-full
      Microsoft.Bcl.Build (>= 1.0.14)
    Microsoft.Bcl.Build (1.0.21) - import_targets: false, framework: net10, net11, net20, net30, net35, net40, net40-full
    Microsoft.Net.Http (2.2.29) - framework: net10, net11, net20, net30, net35, net40, net40-full
      Microsoft.Bcl (>= 1.1.10)
      Microsoft.Bcl.Build (>= 1.0.14)
    NuGet.CommandLine (3.4.3)
    Octokit (0.19)
      Microsoft.Net.Http  - framework: net10, net11, net20, net30, net35, net40, net40-full
    Persimmon.Console (1.1)
    SourceLink.Fake (1.1)
GITHUB
  remote: fsharp/FAKE
    modules/Octokit/Octokit.fsx (8c077f35f8cd0350485109ddd1810dafe9885d1a)
      Octokit
GROUP Test
NUGET
  remote: http://api.nuget.org/v3/index.json
    Persimmon (1.1)
GIST
  remote: pocketberserker/1c919217eb95a03ee942fdfd094a4927
    assertSeqEquals.fs (e45c9d968564362118aa104a6dfdafec1b9b947f)